// !$*UTF8*$!
{
	archiveVersion = 1;
	classes = {
	};
	objectVersion = 56;
	objects = {

/* Begin PBXBuildFile section */
		653863C99883BB5B15ACCA69 /* Pods_SWiPE.framework in Frameworks */ = {isa = PBXBuildFile; fileRef = DA99A84933CECDE40F287328 /* Pods_SWiPE.framework */; };
		C808ED22292F6A2600BFF7A1 /* AuthClaims.swift in Sources */ = {isa = PBXBuildFile; fileRef = C808ED21292F6A2600BFF7A1 /* AuthClaims.swift */; };
		C808ED24292F6C4C00BFF7A1 /* SwiftJWTWrapper.swift in Sources */ = {isa = PBXBuildFile; fileRef = C808ED23292F6C4C00BFF7A1 /* SwiftJWTWrapper.swift */; };
		C808ED26292F73D800BFF7A1 /* AuthManager.swift in Sources */ = {isa = PBXBuildFile; fileRef = C808ED25292F73D800BFF7A1 /* AuthManager.swift */; };
		C844D299292496EF00BBB098 /* Match.json in Resources */ = {isa = PBXBuildFile; fileRef = C844D298292496EF00BBB098 /* Match.json */; };
		C851F4A32920BC8600813E31 /* SwipeTabBarController.swift in Sources */ = {isa = PBXBuildFile; fileRef = C851F4A22920BC8600813E31 /* SwipeTabBarController.swift */; };
		C8573D0B29150CB00095601B /* OwnTextCell.swift in Sources */ = {isa = PBXBuildFile; fileRef = C8573D0929150CB00095601B /* OwnTextCell.swift */; };
		C8573D0C29150CB00095601B /* OwnTextCell.xib in Resources */ = {isa = PBXBuildFile; fileRef = C8573D0A29150CB00095601B /* OwnTextCell.xib */; };
		C8573D11291516B40095601B /* FriendTextCell.swift in Sources */ = {isa = PBXBuildFile; fileRef = C8573D0F291516B40095601B /* FriendTextCell.swift */; };
		C8573D12291516B40095601B /* FriendTextCell.xib in Resources */ = {isa = PBXBuildFile; fileRef = C8573D10291516B40095601B /* FriendTextCell.xib */; };
		C8573D142916E75B0095601B /* AddDataVC.swift in Sources */ = {isa = PBXBuildFile; fileRef = C8573D132916E75B0095601B /* AddDataVC.swift */; };
		C88946792913589F009A5BF3 /* ChatManager.swift in Sources */ = {isa = PBXBuildFile; fileRef = C88946782913589F009A5BF3 /* ChatManager.swift */; };
		C889467D29135AAF009A5BF3 /* ChatVC.swift in Sources */ = {isa = PBXBuildFile; fileRef = C889467C29135AAF009A5BF3 /* ChatVC.swift */; };
		C889468029135B28009A5BF3 /* ChatCell.swift in Sources */ = {isa = PBXBuildFile; fileRef = C889467F29135B28009A5BF3 /* ChatCell.swift */; };
		C8894682291390DD009A5BF3 /* ChatRoom.swift in Sources */ = {isa = PBXBuildFile; fileRef = C8894681291390DD009A5BF3 /* ChatRoom.swift */; };
		C88946862913CCB1009A5BF3 /* ChatRoomVC.swift in Sources */ = {isa = PBXBuildFile; fileRef = C88946852913CCB1009A5BF3 /* ChatRoomVC.swift */; };
		C889468B2914BB37009A5BF3 /* ProfileVC.swift in Sources */ = {isa = PBXBuildFile; fileRef = C889468A2914BB37009A5BF3 /* ProfileVC.swift */; };
		C88D50E12914E3780022D31B /* Match.storyboard in Resources */ = {isa = PBXBuildFile; fileRef = C88D50DF2914E3780022D31B /* Match.storyboard */; };
		C89B179E2914E3EE002BF20D /* Chat.storyboard in Resources */ = {isa = PBXBuildFile; fileRef = C89B179D2914E3EE002BF20D /* Chat.storyboard */; };
		C8AA629D292DECD700D7E16C /* SettingVC.swift in Sources */ = {isa = PBXBuildFile; fileRef = C8AA629C292DECD700D7E16C /* SettingVC.swift */; };
		C8AA629F292DF35E00D7E16C /* SwimmingSheep.json in Resources */ = {isa = PBXBuildFile; fileRef = C8AA629E292DF35E00D7E16C /* SwimmingSheep.json */; };
		C8AA62A1292DF9E700D7E16C /* SettingCell.swift in Sources */ = {isa = PBXBuildFile; fileRef = C8AA62A0292DF9E700D7E16C /* SettingCell.swift */; };
		C8AA62A7292F194E00D7E16C /* SCLAlertViewWrapper.swift in Sources */ = {isa = PBXBuildFile; fileRef = C8AA62A6292F194E00D7E16C /* SCLAlertViewWrapper.swift */; };
		C8AC8486292BCA520062B0ED /* JGProgressHUDWrapper.swift in Sources */ = {isa = PBXBuildFile; fileRef = C8AC8485292BCA520062B0ED /* JGProgressHUDWrapper.swift */; };
		C8AC8488292CA67A0062B0ED /* TextField+Ext.swift in Sources */ = {isa = PBXBuildFile; fileRef = C8AC8487292CA67A0062B0ED /* TextField+Ext.swift */; };
		C8C77BEA291CE21F00A1675D /* UploadVideoVC.swift in Sources */ = {isa = PBXBuildFile; fileRef = C8C77BE9291CE21F00A1675D /* UploadVideoVC.swift */; };
		C8C77BEC291CE8DA00A1675D /* UploadPhotoVC.swift in Sources */ = {isa = PBXBuildFile; fileRef = C8C77BEB291CE8DA00A1675D /* UploadPhotoVC.swift */; };
		C8C77BF0291CFADA00A1675D /* UploadVC.swift in Sources */ = {isa = PBXBuildFile; fileRef = C8C77BEF291CFADA00A1675D /* UploadVC.swift */; };
		C8C77BF3291E217500A1675D /* Profile.storyboard in Resources */ = {isa = PBXBuildFile; fileRef = C8C77BF1291E217500A1675D /* Profile.storyboard */; };
		C8E845F9291B914A00180758 /* OwnImageCell.swift in Sources */ = {isa = PBXBuildFile; fileRef = C8E845F7291B914A00180758 /* OwnImageCell.swift */; };
		C8E845FA291B914A00180758 /* OwnImageCell.xib in Resources */ = {isa = PBXBuildFile; fileRef = C8E845F8291B914A00180758 /* OwnImageCell.xib */; };
		C8E845FD291B915B00180758 /* FriendImageCell.swift in Sources */ = {isa = PBXBuildFile; fileRef = C8E845FB291B915B00180758 /* FriendImageCell.swift */; };
		C8E845FE291B915B00180758 /* FriendImageCell.xib in Resources */ = {isa = PBXBuildFile; fileRef = C8E845FC291B915B00180758 /* FriendImageCell.xib */; };
		C8FA65072910F65D0059AD23 /* KingFisherWrapper.swift in Sources */ = {isa = PBXBuildFile; fileRef = C8FA65062910F65D0059AD23 /* KingFisherWrapper.swift */; };
		C8FA652C291212530059AD23 /* Date+Ext.swift in Sources */ = {isa = PBXBuildFile; fileRef = C8FA652B291212530059AD23 /* Date+Ext.swift */; };
		C8FC9816290BE50C0028DE17 /* AppDelegate.swift in Sources */ = {isa = PBXBuildFile; fileRef = C8FC9815290BE50C0028DE17 /* AppDelegate.swift */; };
		C8FC9818290BE50C0028DE17 /* SceneDelegate.swift in Sources */ = {isa = PBXBuildFile; fileRef = C8FC9817290BE50C0028DE17 /* SceneDelegate.swift */; };
		C8FC981D290BE50C0028DE17 /* Main.storyboard in Resources */ = {isa = PBXBuildFile; fileRef = C8FC981B290BE50C0028DE17 /* Main.storyboard */; };
		C8FC9820290BE50C0028DE17 /* SWiPE.xcdatamodeld in Sources */ = {isa = PBXBuildFile; fileRef = C8FC981E290BE50C0028DE17 /* SWiPE.xcdatamodeld */; };
		C8FC9822290BE50D0028DE17 /* Assets.xcassets in Resources */ = {isa = PBXBuildFile; fileRef = C8FC9821290BE50D0028DE17 /* Assets.xcassets */; };
		C8FC9825290BE50D0028DE17 /* LaunchScreen.storyboard in Resources */ = {isa = PBXBuildFile; fileRef = C8FC9823290BE50D0028DE17 /* LaunchScreen.storyboard */; };
		C8FC986D290F65150028DE17 /* GoogleService-Info.plist in Resources */ = {isa = PBXBuildFile; fileRef = C8FC986C290F65150028DE17 /* GoogleService-Info.plist */; };
		C8FC986F290F69390028DE17 /* UploadStoryProvider.swift in Sources */ = {isa = PBXBuildFile; fileRef = C8FC986E290F69390028DE17 /* UploadStoryProvider.swift */; };
		C8FC9871290F78020028DE17 /* Constants.swift in Sources */ = {isa = PBXBuildFile; fileRef = C8FC9870290F78020028DE17 /* Constants.swift */; };
		C8FC9876290FB9E10028DE17 /* SwipeCardView.swift in Sources */ = {isa = PBXBuildFile; fileRef = C8FC9875290FB9E10028DE17 /* SwipeCardView.swift */; };
		C8FC9878290FB9E80028DE17 /* StackContainerView.swift in Sources */ = {isa = PBXBuildFile; fileRef = C8FC9877290FB9E80028DE17 /* StackContainerView.swift */; };
		C8FC987E290FC0350028DE17 /* MatchVC.swift in Sources */ = {isa = PBXBuildFile; fileRef = C8FC987D290FC0350028DE17 /* MatchVC.swift */; };
		C8FC98832910AD830028DE17 /* User.swift in Sources */ = {isa = PBXBuildFile; fileRef = C8FC98822910AD830028DE17 /* User.swift */; };
		C8FC98892910C7B50028DE17 /* FireBaseManager.swift in Sources */ = {isa = PBXBuildFile; fileRef = C8FC98882910C7B50028DE17 /* FireBaseManager.swift */; };
		C8FDC8BD2924D13C006FF1E6 /* SignUpVC.swift in Sources */ = {isa = PBXBuildFile; fileRef = C8FDC8BC2924D13C006FF1E6 /* SignUpVC.swift */; };
		C8FDC8BF2924D153006FF1E6 /* Sign.storyboard in Resources */ = {isa = PBXBuildFile; fileRef = C8FDC8BE2924D153006FF1E6 /* Sign.storyboard */; };
		C8FDC8C12924D1F7006FF1E6 /* SignVC.swift in Sources */ = {isa = PBXBuildFile; fileRef = C8FDC8C02924D1F7006FF1E6 /* SignVC.swift */; };
		C8FDC8C32924D7A7006FF1E6 /* SignCat.json in Resources */ = {isa = PBXBuildFile; fileRef = C8FDC8C22924D7A7006FF1E6 /* SignCat.json */; };
		C8FDC8C72924ED63006FF1E6 /* Arrow.json in Resources */ = {isa = PBXBuildFile; fileRef = C8FDC8C62924ED63006FF1E6 /* Arrow.json */; };
		C8FDC8C929253A3D006FF1E6 /* SignInVC.swift in Sources */ = {isa = PBXBuildFile; fileRef = C8FDC8C829253A3D006FF1E6 /* SignInVC.swift */; };
		C8FDC8CB29261767006FF1E6 /* CardLoding.json in Resources */ = {isa = PBXBuildFile; fileRef = C8FDC8CA29261767006FF1E6 /* CardLoding.json */; };
		C8FDC8CD292619D1006FF1E6 /* SignSheep.json in Resources */ = {isa = PBXBuildFile; fileRef = C8FDC8CC292619D1006FF1E6 /* SignSheep.json */; };
		C8FDC8CF29261F35006FF1E6 /* BackArrow.json in Resources */ = {isa = PBXBuildFile; fileRef = C8FDC8CE29261F35006FF1E6 /* BackArrow.json */; };
		C8FDC8D42928C675006FF1E6 /* MockUser.swift in Sources */ = {isa = PBXBuildFile; fileRef = C8FDC8D32928C675006FF1E6 /* MockUser.swift */; };
/* End PBXBuildFile section */

/* Begin PBXFileReference section */
		05D499648B8F8501A9C04305 /* Pods-SWiPE.debug.xcconfig */ = {isa = PBXFileReference; includeInIndex = 1; lastKnownFileType = text.xcconfig; name = "Pods-SWiPE.debug.xcconfig"; path = "Target Support Files/Pods-SWiPE/Pods-SWiPE.debug.xcconfig"; sourceTree = "<group>"; };
		AA118603100A4148BF1C064B /* Pods-SWiPE.release.xcconfig */ = {isa = PBXFileReference; includeInIndex = 1; lastKnownFileType = text.xcconfig; name = "Pods-SWiPE.release.xcconfig"; path = "Target Support Files/Pods-SWiPE/Pods-SWiPE.release.xcconfig"; sourceTree = "<group>"; };
		C808ED21292F6A2600BFF7A1 /* AuthClaims.swift */ = {isa = PBXFileReference; lastKnownFileType = sourcecode.swift; path = AuthClaims.swift; sourceTree = "<group>"; };
		C808ED23292F6C4C00BFF7A1 /* SwiftJWTWrapper.swift */ = {isa = PBXFileReference; lastKnownFileType = sourcecode.swift; path = SwiftJWTWrapper.swift; sourceTree = "<group>"; };
		C808ED25292F73D800BFF7A1 /* AuthManager.swift */ = {isa = PBXFileReference; lastKnownFileType = sourcecode.swift; path = AuthManager.swift; sourceTree = "<group>"; };
		C844D298292496EF00BBB098 /* Match.json */ = {isa = PBXFileReference; fileEncoding = 4; lastKnownFileType = text.json; path = Match.json; sourceTree = "<group>"; };
		C851F4A22920BC8600813E31 /* SwipeTabBarController.swift */ = {isa = PBXFileReference; lastKnownFileType = sourcecode.swift; path = SwipeTabBarController.swift; sourceTree = "<group>"; };
		C8573D0929150CB00095601B /* OwnTextCell.swift */ = {isa = PBXFileReference; lastKnownFileType = sourcecode.swift; path = OwnTextCell.swift; sourceTree = "<group>"; };
		C8573D0A29150CB00095601B /* OwnTextCell.xib */ = {isa = PBXFileReference; lastKnownFileType = file.xib; path = OwnTextCell.xib; sourceTree = "<group>"; };
		C8573D0F291516B40095601B /* FriendTextCell.swift */ = {isa = PBXFileReference; lastKnownFileType = sourcecode.swift; path = FriendTextCell.swift; sourceTree = "<group>"; };
		C8573D10291516B40095601B /* FriendTextCell.xib */ = {isa = PBXFileReference; lastKnownFileType = file.xib; path = FriendTextCell.xib; sourceTree = "<group>"; };
		C8573D132916E75B0095601B /* AddDataVC.swift */ = {isa = PBXFileReference; lastKnownFileType = sourcecode.swift; path = AddDataVC.swift; sourceTree = "<group>"; };
		C88946782913589F009A5BF3 /* ChatManager.swift */ = {isa = PBXFileReference; lastKnownFileType = sourcecode.swift; path = ChatManager.swift; sourceTree = "<group>"; };
		C889467C29135AAF009A5BF3 /* ChatVC.swift */ = {isa = PBXFileReference; lastKnownFileType = sourcecode.swift; path = ChatVC.swift; sourceTree = "<group>"; };
		C889467F29135B28009A5BF3 /* ChatCell.swift */ = {isa = PBXFileReference; lastKnownFileType = sourcecode.swift; path = ChatCell.swift; sourceTree = "<group>"; };
		C8894681291390DD009A5BF3 /* ChatRoom.swift */ = {isa = PBXFileReference; lastKnownFileType = sourcecode.swift; path = ChatRoom.swift; sourceTree = "<group>"; };
		C88946852913CCB1009A5BF3 /* ChatRoomVC.swift */ = {isa = PBXFileReference; lastKnownFileType = sourcecode.swift; path = ChatRoomVC.swift; sourceTree = "<group>"; };
		C889468A2914BB37009A5BF3 /* ProfileVC.swift */ = {isa = PBXFileReference; lastKnownFileType = sourcecode.swift; path = ProfileVC.swift; sourceTree = "<group>"; };
		C88D50E02914E3780022D31B /* Base */ = {isa = PBXFileReference; lastKnownFileType = file.storyboard; name = Base; path = Base.lproj/Match.storyboard; sourceTree = "<group>"; };
		C89B179D2914E3EE002BF20D /* Chat.storyboard */ = {isa = PBXFileReference; fileEncoding = 4; lastKnownFileType = file.storyboard; path = Chat.storyboard; sourceTree = "<group>"; };
		C8AA629C292DECD700D7E16C /* SettingVC.swift */ = {isa = PBXFileReference; lastKnownFileType = sourcecode.swift; path = SettingVC.swift; sourceTree = "<group>"; };
		C8AA629E292DF35E00D7E16C /* SwimmingSheep.json */ = {isa = PBXFileReference; fileEncoding = 4; lastKnownFileType = text.json; path = SwimmingSheep.json; sourceTree = "<group>"; };
		C8AA62A0292DF9E700D7E16C /* SettingCell.swift */ = {isa = PBXFileReference; lastKnownFileType = sourcecode.swift; path = SettingCell.swift; sourceTree = "<group>"; };
		C8AA62A6292F194E00D7E16C /* SCLAlertViewWrapper.swift */ = {isa = PBXFileReference; lastKnownFileType = sourcecode.swift; path = SCLAlertViewWrapper.swift; sourceTree = "<group>"; };
		C8AC8485292BCA520062B0ED /* JGProgressHUDWrapper.swift */ = {isa = PBXFileReference; lastKnownFileType = sourcecode.swift; path = JGProgressHUDWrapper.swift; sourceTree = "<group>"; };
		C8AC8487292CA67A0062B0ED /* TextField+Ext.swift */ = {isa = PBXFileReference; lastKnownFileType = sourcecode.swift; path = "TextField+Ext.swift"; sourceTree = "<group>"; };
		C8C77BE9291CE21F00A1675D /* UploadVideoVC.swift */ = {isa = PBXFileReference; lastKnownFileType = sourcecode.swift; path = UploadVideoVC.swift; sourceTree = "<group>"; };
		C8C77BEB291CE8DA00A1675D /* UploadPhotoVC.swift */ = {isa = PBXFileReference; lastKnownFileType = sourcecode.swift; path = UploadPhotoVC.swift; sourceTree = "<group>"; };
		C8C77BEF291CFADA00A1675D /* UploadVC.swift */ = {isa = PBXFileReference; lastKnownFileType = sourcecode.swift; path = UploadVC.swift; sourceTree = "<group>"; };
		C8C77BF2291E217500A1675D /* Base */ = {isa = PBXFileReference; lastKnownFileType = file.storyboard; name = Base; path = SWiPE/Views/Base.lproj/Profile.storyboard; sourceTree = SOURCE_ROOT; };
		C8E845F7291B914A00180758 /* OwnImageCell.swift */ = {isa = PBXFileReference; lastKnownFileType = sourcecode.swift; path = OwnImageCell.swift; sourceTree = "<group>"; };
		C8E845F8291B914A00180758 /* OwnImageCell.xib */ = {isa = PBXFileReference; lastKnownFileType = file.xib; path = OwnImageCell.xib; sourceTree = "<group>"; };
		C8E845FB291B915B00180758 /* FriendImageCell.swift */ = {isa = PBXFileReference; lastKnownFileType = sourcecode.swift; path = FriendImageCell.swift; sourceTree = "<group>"; };
		C8E845FC291B915B00180758 /* FriendImageCell.xib */ = {isa = PBXFileReference; lastKnownFileType = file.xib; path = FriendImageCell.xib; sourceTree = "<group>"; };
		C8FA65062910F65D0059AD23 /* KingFisherWrapper.swift */ = {isa = PBXFileReference; lastKnownFileType = sourcecode.swift; path = KingFisherWrapper.swift; sourceTree = "<group>"; };
		C8FA652B291212530059AD23 /* Date+Ext.swift */ = {isa = PBXFileReference; lastKnownFileType = sourcecode.swift; path = "Date+Ext.swift"; sourceTree = "<group>"; };
		C8FC9812290BE50C0028DE17 /* SWiPE.app */ = {isa = PBXFileReference; explicitFileType = wrapper.application; includeInIndex = 0; path = SWiPE.app; sourceTree = BUILT_PRODUCTS_DIR; };
		C8FC9815290BE50C0028DE17 /* AppDelegate.swift */ = {isa = PBXFileReference; lastKnownFileType = sourcecode.swift; path = AppDelegate.swift; sourceTree = "<group>"; };
		C8FC9817290BE50C0028DE17 /* SceneDelegate.swift */ = {isa = PBXFileReference; lastKnownFileType = sourcecode.swift; path = SceneDelegate.swift; sourceTree = "<group>"; };
		C8FC981C290BE50C0028DE17 /* Base */ = {isa = PBXFileReference; lastKnownFileType = file.storyboard; name = Base; path = Base.lproj/Main.storyboard; sourceTree = "<group>"; };
		C8FC981F290BE50C0028DE17 /* SWiPE.xcdatamodel */ = {isa = PBXFileReference; lastKnownFileType = wrapper.xcdatamodel; path = SWiPE.xcdatamodel; sourceTree = "<group>"; };
		C8FC9821290BE50D0028DE17 /* Assets.xcassets */ = {isa = PBXFileReference; lastKnownFileType = folder.assetcatalog; path = Assets.xcassets; sourceTree = "<group>"; };
		C8FC9824290BE50D0028DE17 /* Base */ = {isa = PBXFileReference; lastKnownFileType = file.storyboard; name = Base; path = Base.lproj/LaunchScreen.storyboard; sourceTree = "<group>"; };
		C8FC9826290BE50D0028DE17 /* Info.plist */ = {isa = PBXFileReference; lastKnownFileType = text.plist.xml; path = Info.plist; sourceTree = "<group>"; };
		C8FC986C290F65150028DE17 /* GoogleService-Info.plist */ = {isa = PBXFileReference; fileEncoding = 4; lastKnownFileType = text.plist.xml; path = "GoogleService-Info.plist"; sourceTree = "<group>"; };
		C8FC986E290F69390028DE17 /* UploadStoryProvider.swift */ = {isa = PBXFileReference; lastKnownFileType = sourcecode.swift; path = UploadStoryProvider.swift; sourceTree = "<group>"; };
		C8FC9870290F78020028DE17 /* Constants.swift */ = {isa = PBXFileReference; lastKnownFileType = sourcecode.swift; path = Constants.swift; sourceTree = "<group>"; };
		C8FC9875290FB9E10028DE17 /* SwipeCardView.swift */ = {isa = PBXFileReference; fileEncoding = 4; lastKnownFileType = sourcecode.swift; path = SwipeCardView.swift; sourceTree = "<group>"; };
		C8FC9877290FB9E80028DE17 /* StackContainerView.swift */ = {isa = PBXFileReference; fileEncoding = 4; lastKnownFileType = sourcecode.swift; path = StackContainerView.swift; sourceTree = "<group>"; };
		C8FC987D290FC0350028DE17 /* MatchVC.swift */ = {isa = PBXFileReference; lastKnownFileType = sourcecode.swift; path = MatchVC.swift; sourceTree = "<group>"; };
		C8FC98822910AD830028DE17 /* User.swift */ = {isa = PBXFileReference; lastKnownFileType = sourcecode.swift; path = User.swift; sourceTree = "<group>"; };
		C8FC98882910C7B50028DE17 /* FireBaseManager.swift */ = {isa = PBXFileReference; lastKnownFileType = sourcecode.swift; path = FireBaseManager.swift; sourceTree = "<group>"; };
		C8FDC8BC2924D13C006FF1E6 /* SignUpVC.swift */ = {isa = PBXFileReference; lastKnownFileType = sourcecode.swift; path = SignUpVC.swift; sourceTree = "<group>"; };
		C8FDC8BE2924D153006FF1E6 /* Sign.storyboard */ = {isa = PBXFileReference; lastKnownFileType = file.storyboard; path = Sign.storyboard; sourceTree = "<group>"; };
		C8FDC8C02924D1F7006FF1E6 /* SignVC.swift */ = {isa = PBXFileReference; lastKnownFileType = sourcecode.swift; path = SignVC.swift; sourceTree = "<group>"; };
		C8FDC8C22924D7A7006FF1E6 /* SignCat.json */ = {isa = PBXFileReference; fileEncoding = 4; lastKnownFileType = text.json; path = SignCat.json; sourceTree = "<group>"; };
		C8FDC8C62924ED63006FF1E6 /* Arrow.json */ = {isa = PBXFileReference; fileEncoding = 4; lastKnownFileType = text.json; path = Arrow.json; sourceTree = "<group>"; };
		C8FDC8C829253A3D006FF1E6 /* SignInVC.swift */ = {isa = PBXFileReference; lastKnownFileType = sourcecode.swift; path = SignInVC.swift; sourceTree = "<group>"; };
		C8FDC8CA29261767006FF1E6 /* CardLoding.json */ = {isa = PBXFileReference; fileEncoding = 4; lastKnownFileType = text.json; path = CardLoding.json; sourceTree = "<group>"; };
		C8FDC8CC292619D1006FF1E6 /* SignSheep.json */ = {isa = PBXFileReference; fileEncoding = 4; lastKnownFileType = text.json; path = SignSheep.json; sourceTree = "<group>"; };
		C8FDC8CE29261F35006FF1E6 /* BackArrow.json */ = {isa = PBXFileReference; fileEncoding = 4; lastKnownFileType = text.json; path = BackArrow.json; sourceTree = "<group>"; };
		C8FDC8D0292649CC006FF1E6 /* SWiPE.entitlements */ = {isa = PBXFileReference; lastKnownFileType = text.plist.entitlements; path = SWiPE.entitlements; sourceTree = "<group>"; };
		C8FDC8D32928C675006FF1E6 /* MockUser.swift */ = {isa = PBXFileReference; lastKnownFileType = sourcecode.swift; path = MockUser.swift; sourceTree = "<group>"; };
		DA99A84933CECDE40F287328 /* Pods_SWiPE.framework */ = {isa = PBXFileReference; explicitFileType = wrapper.framework; includeInIndex = 0; path = Pods_SWiPE.framework; sourceTree = BUILT_PRODUCTS_DIR; };
/* End PBXFileReference section */

/* Begin PBXFrameworksBuildPhase section */
		C8FC980F290BE50C0028DE17 /* Frameworks */ = {
			isa = PBXFrameworksBuildPhase;
			buildActionMask = 2147483647;
			files = (
				653863C99883BB5B15ACCA69 /* Pods_SWiPE.framework in Frameworks */,
			);
			runOnlyForDeploymentPostprocessing = 0;
		};
/* End PBXFrameworksBuildPhase section */

/* Begin PBXGroup section */
		C851F4A429212DBA00813E31 /* Lottie */ = {
			isa = PBXGroup;
			children = (
				C8AA629E292DF35E00D7E16C /* SwimmingSheep.json */,
				C8FDC8CE29261F35006FF1E6 /* BackArrow.json */,
				C8FDC8CC292619D1006FF1E6 /* SignSheep.json */,
				C8FDC8C62924ED63006FF1E6 /* Arrow.json */,
				C8FDC8C22924D7A7006FF1E6 /* SignCat.json */,
				C844D298292496EF00BBB098 /* Match.json */,
				C8FDC8CA29261767006FF1E6 /* CardLoding.json */,
			);
			path = Lottie;
			sourceTree = "<group>";
		};
		C869195529150A99003E5A9A /* Cell */ = {
			isa = PBXGroup;
			children = (
				C8E845F6291B910A00180758 /* ChatRoom */,
				C889467F29135B28009A5BF3 /* ChatCell.swift */,
			);
			path = Cell;
			sourceTree = "<group>";
		};
		C88946832913CC7F009A5BF3 /* Chat */ = {
			isa = PBXGroup;
			children = (
				C889467C29135AAF009A5BF3 /* ChatVC.swift */,
				C88946852913CCB1009A5BF3 /* ChatRoomVC.swift */,
			);
			path = Chat;
			sourceTree = "<group>";
		};
		C88946842913CC8E009A5BF3 /* Match */ = {
			isa = PBXGroup;
			children = (
				C8FC987D290FC0350028DE17 /* MatchVC.swift */,
			);
			path = Match;
			sourceTree = "<group>";
		};
		C889468C2914BB45009A5BF3 /* Profile */ = {
			isa = PBXGroup;
			children = (
				C889468A2914BB37009A5BF3 /* ProfileVC.swift */,
				C8AA629C292DECD700D7E16C /* SettingVC.swift */,
			);
			path = Profile;
			sourceTree = "<group>";
		};
		C88D50E22914E3A00022D31B /* Chat */ = {
			isa = PBXGroup;
			children = (
				C89B179D2914E3EE002BF20D /* Chat.storyboard */,
			);
			path = Chat;
			sourceTree = "<group>";
		};
		C8A18A5D2914BDF600CB7C9C /* Upload */ = {
			isa = PBXGroup;
			children = (
				C8C77BEF291CFADA00A1675D /* UploadVC.swift */,
				C8C77BE9291CE21F00A1675D /* UploadVideoVC.swift */,
				C8C77BEB291CE8DA00A1675D /* UploadPhotoVC.swift */,
			);
			path = Upload;
			sourceTree = "<group>";
		};
		C8C77BBB291C936B00A1675D /* Profile */ = {
			isa = PBXGroup;
			children = (
				C8C77BF1291E217500A1675D /* Profile.storyboard */,
				C8AA62A0292DF9E700D7E16C /* SettingCell.swift */,
			);
			path = Profile;
			sourceTree = "<group>";
		};
		C8E845F6291B910A00180758 /* ChatRoom */ = {
			isa = PBXGroup;
			children = (
				C8573D0929150CB00095601B /* OwnTextCell.swift */,
				C8573D0A29150CB00095601B /* OwnTextCell.xib */,
				C8573D0F291516B40095601B /* FriendTextCell.swift */,
				C8573D10291516B40095601B /* FriendTextCell.xib */,
				C8E845F7291B914A00180758 /* OwnImageCell.swift */,
				C8E845F8291B914A00180758 /* OwnImageCell.xib */,
				C8E845FB291B915B00180758 /* FriendImageCell.swift */,
				C8E845FC291B915B00180758 /* FriendImageCell.xib */,
			);
			path = ChatRoom;
			sourceTree = "<group>";
		};
		C8FA65052910F6190059AD23 /* Third Party Wrapper */ = {
			isa = PBXGroup;
			children = (
				C8FA65062910F65D0059AD23 /* KingFisherWrapper.swift */,
				C8AC8485292BCA520062B0ED /* JGProgressHUDWrapper.swift */,
				C8AA62A6292F194E00D7E16C /* SCLAlertViewWrapper.swift */,
				C808ED23292F6C4C00BFF7A1 /* SwiftJWTWrapper.swift */,
			);
			path = "Third Party Wrapper";
			sourceTree = "<group>";
		};
		C8FC9809290BE50C0028DE17 = {
			isa = PBXGroup;
			children = (
				C8FC9814290BE50C0028DE17 /* SWiPE */,
				C8FC9813290BE50C0028DE17 /* Products */,
				FAA330530C0F3845AA02211E /* Pods */,
				DF529098ABBC9AA94E92F1AC /* Frameworks */,
			);
			sourceTree = "<group>";
		};
		C8FC9813290BE50C0028DE17 /* Products */ = {
			isa = PBXGroup;
			children = (
				C8FC9812290BE50C0028DE17 /* SWiPE.app */,
			);
			name = Products;
			sourceTree = "<group>";
		};
		C8FC9814290BE50C0028DE17 /* SWiPE */ = {
			isa = PBXGroup;
			children = (
				C8FDC8D0292649CC006FF1E6 /* SWiPE.entitlements */,
				C8FA65052910F6190059AD23 /* Third Party Wrapper */,
				C8FC988A2910E6070028DE17 /* Network */,
				C8FC9830290BED0F0028DE17 /* Models */,
				C8FC982E290BECF40028DE17 /* Views */,
				C8FC9831290BED300028DE17 /* Controllers */,
				C8FC9834290BEE130028DE17 /* Extensions */,
				C8FC9833290BEDF10028DE17 /* Resources */,
				C8FC9815290BE50C0028DE17 /* AppDelegate.swift */,
				C8FC9817290BE50C0028DE17 /* SceneDelegate.swift */,
				C8FC9823290BE50D0028DE17 /* LaunchScreen.storyboard */,
				C8FC9826290BE50D0028DE17 /* Info.plist */,
				C8FC986C290F65150028DE17 /* GoogleService-Info.plist */,
				C8FC981E290BE50C0028DE17 /* SWiPE.xcdatamodeld */,
			);
			path = SWiPE;
			sourceTree = "<group>";
		};
		C8FC982E290BECF40028DE17 /* Views */ = {
			isa = PBXGroup;
			children = (
				C8FDC8BB2924D11F006FF1E6 /* Sign */,
				C8C77BBB291C936B00A1675D /* Profile */,
				C869195529150A99003E5A9A /* Cell */,
				C88D50E22914E3A00022D31B /* Chat */,
				C8FC987F290FC62B0028DE17 /* Match */,
				C8FC981B290BE50C0028DE17 /* Main.storyboard */,
			);
			path = Views;
			sourceTree = "<group>";
		};
		C8FC9830290BED0F0028DE17 /* Models */ = {
			isa = PBXGroup;
			children = (
				C8FC9870290F78020028DE17 /* Constants.swift */,
				C8FC98822910AD830028DE17 /* User.swift */,
				C8894681291390DD009A5BF3 /* ChatRoom.swift */,
				C8FDC8D32928C675006FF1E6 /* MockUser.swift */,
				C808ED21292F6A2600BFF7A1 /* AuthClaims.swift */,
			);
			path = Models;
			sourceTree = "<group>";
		};
		C8FC9831290BED300028DE17 /* Controllers */ = {
			isa = PBXGroup;
			children = (
				C8FDC8BA2924D115006FF1E6 /* Sign */,
				C8A18A5D2914BDF600CB7C9C /* Upload */,
				C889468C2914BB45009A5BF3 /* Profile */,
				C88946842913CC8E009A5BF3 /* Match */,
				C88946832913CC7F009A5BF3 /* Chat */,
				C8573D132916E75B0095601B /* AddDataVC.swift */,
				C851F4A22920BC8600813E31 /* SwipeTabBarController.swift */,
			);
			path = Controllers;
			sourceTree = "<group>";
		};
		C8FC9833290BEDF10028DE17 /* Resources */ = {
			isa = PBXGroup;
			children = (
				C851F4A429212DBA00813E31 /* Lottie */,
				C8FC9821290BE50D0028DE17 /* Assets.xcassets */,
			);
			path = Resources;
			sourceTree = "<group>";
		};
		C8FC9834290BEE130028DE17 /* Extensions */ = {
			isa = PBXGroup;
			children = (
				C8FA652B291212530059AD23 /* Date+Ext.swift */,
				C8AC8487292CA67A0062B0ED /* TextField+Ext.swift */,
			);
			path = Extensions;
			sourceTree = "<group>";
		};
		C8FC987F290FC62B0028DE17 /* Match */ = {
			isa = PBXGroup;
			children = (
				C88D50DF2914E3780022D31B /* Match.storyboard */,
				C8FC9875290FB9E10028DE17 /* SwipeCardView.swift */,
				C8FC9877290FB9E80028DE17 /* StackContainerView.swift */,
			);
			path = Match;
			sourceTree = "<group>";
		};
		C8FC988A2910E6070028DE17 /* Network */ = {
			isa = PBXGroup;
			children = (
				C8FC98882910C7B50028DE17 /* FireBaseManager.swift */,
				C8FC986E290F69390028DE17 /* UploadStoryProvider.swift */,
				C88946782913589F009A5BF3 /* ChatManager.swift */,
				C808ED25292F73D800BFF7A1 /* AuthManager.swift */,
			);
			path = Network;
			sourceTree = "<group>";
		};
		C8FDC8BA2924D115006FF1E6 /* Sign */ = {
			isa = PBXGroup;
			children = (
				C8FDC8BC2924D13C006FF1E6 /* SignUpVC.swift */,
				C8FDC8C02924D1F7006FF1E6 /* SignVC.swift */,
				C8FDC8C829253A3D006FF1E6 /* SignInVC.swift */,
			);
			path = Sign;
			sourceTree = "<group>";
		};
		C8FDC8BB2924D11F006FF1E6 /* Sign */ = {
			isa = PBXGroup;
			children = (
				C8FDC8BE2924D153006FF1E6 /* Sign.storyboard */,
			);
			path = Sign;
			sourceTree = "<group>";
		};
		DF529098ABBC9AA94E92F1AC /* Frameworks */ = {
			isa = PBXGroup;
			children = (
				DA99A84933CECDE40F287328 /* Pods_SWiPE.framework */,
			);
			name = Frameworks;
			sourceTree = "<group>";
		};
		FAA330530C0F3845AA02211E /* Pods */ = {
			isa = PBXGroup;
			children = (
				05D499648B8F8501A9C04305 /* Pods-SWiPE.debug.xcconfig */,
				AA118603100A4148BF1C064B /* Pods-SWiPE.release.xcconfig */,
			);
			path = Pods;
			sourceTree = "<group>";
		};
/* End PBXGroup section */

/* Begin PBXNativeTarget section */
		C8FC9811290BE50C0028DE17 /* SWiPE */ = {
			isa = PBXNativeTarget;
			buildConfigurationList = C8FC9829290BE50D0028DE17 /* Build configuration list for PBXNativeTarget "SWiPE" */;
			buildPhases = (
				B80C28F9E395EB63F6B10E55 /* [CP] Check Pods Manifest.lock */,
				C8FC980E290BE50C0028DE17 /* Sources */,
				C8FC980F290BE50C0028DE17 /* Frameworks */,
				C8FC9810290BE50C0028DE17 /* Resources */,
				A5A75BE323C1C47196DECA41 /* [CP] Embed Pods Frameworks */,
				C8FC9874290FA98C0028DE17 /* ShellScript */,
				C800FCB92933897100273228 /* ShellScript */,
			);
			buildRules = (
			);
			dependencies = (
			);
			name = SWiPE;
			productName = SWiPE;
			productReference = C8FC9812290BE50C0028DE17 /* SWiPE.app */;
			productType = "com.apple.product-type.application";
		};
/* End PBXNativeTarget section */

/* Begin PBXProject section */
		C8FC980A290BE50C0028DE17 /* Project object */ = {
			isa = PBXProject;
			attributes = {
				BuildIndependentTargetsInParallel = 1;
				LastSwiftUpdateCheck = 1400;
				LastUpgradeCheck = 1400;
				TargetAttributes = {
					C8FC9811290BE50C0028DE17 = {
						CreatedOnToolsVersion = 14.0.1;
					};
				};
			};
			buildConfigurationList = C8FC980D290BE50C0028DE17 /* Build configuration list for PBXProject "SWiPE" */;
			compatibilityVersion = "Xcode 14.0";
			developmentRegion = en;
			hasScannedForEncodings = 0;
			knownRegions = (
				en,
				Base,
			);
			mainGroup = C8FC9809290BE50C0028DE17;
			productRefGroup = C8FC9813290BE50C0028DE17 /* Products */;
			projectDirPath = "";
			projectRoot = "";
			targets = (
				C8FC9811290BE50C0028DE17 /* SWiPE */,
			);
		};
/* End PBXProject section */

/* Begin PBXResourcesBuildPhase section */
		C8FC9810290BE50C0028DE17 /* Resources */ = {
			isa = PBXResourcesBuildPhase;
			buildActionMask = 2147483647;
			files = (
				C8FDC8CB29261767006FF1E6 /* CardLoding.json in Resources */,
				C8573D12291516B40095601B /* FriendTextCell.xib in Resources */,
				C8C77BF3291E217500A1675D /* Profile.storyboard in Resources */,
				C8573D0C29150CB00095601B /* OwnTextCell.xib in Resources */,
				C89B179E2914E3EE002BF20D /* Chat.storyboard in Resources */,
				C844D299292496EF00BBB098 /* Match.json in Resources */,
				C8FC9825290BE50D0028DE17 /* LaunchScreen.storyboard in Resources */,
				C88D50E12914E3780022D31B /* Match.storyboard in Resources */,
				C8AA629F292DF35E00D7E16C /* SwimmingSheep.json in Resources */,
				C8FC986D290F65150028DE17 /* GoogleService-Info.plist in Resources */,
				C8FDC8C72924ED63006FF1E6 /* Arrow.json in Resources */,
				C8E845FA291B914A00180758 /* OwnImageCell.xib in Resources */,
				C8FDC8CF29261F35006FF1E6 /* BackArrow.json in Resources */,
				C8FDC8CD292619D1006FF1E6 /* SignSheep.json in Resources */,
				C8FDC8C32924D7A7006FF1E6 /* SignCat.json in Resources */,
				C8E845FE291B915B00180758 /* FriendImageCell.xib in Resources */,
				C8FC9822290BE50D0028DE17 /* Assets.xcassets in Resources */,
				C8FDC8BF2924D153006FF1E6 /* Sign.storyboard in Resources */,
				C8FC981D290BE50C0028DE17 /* Main.storyboard in Resources */,
			);
			runOnlyForDeploymentPostprocessing = 0;
		};
/* End PBXResourcesBuildPhase section */

/* Begin PBXShellScriptBuildPhase section */
		A5A75BE323C1C47196DECA41 /* [CP] Embed Pods Frameworks */ = {
			isa = PBXShellScriptBuildPhase;
			buildActionMask = 2147483647;
			files = (
			);
			inputFileListPaths = (
				"${PODS_ROOT}/Target Support Files/Pods-SWiPE/Pods-SWiPE-frameworks-${CONFIGURATION}-input-files.xcfilelist",
			);
			name = "[CP] Embed Pods Frameworks";
			outputFileListPaths = (
				"${PODS_ROOT}/Target Support Files/Pods-SWiPE/Pods-SWiPE-frameworks-${CONFIGURATION}-output-files.xcfilelist",
			);
			runOnlyForDeploymentPostprocessing = 0;
			shellPath = /bin/sh;
			shellScript = "\"${PODS_ROOT}/Target Support Files/Pods-SWiPE/Pods-SWiPE-frameworks.sh\"\n";
			showEnvVarsInLog = 0;
		};
		B80C28F9E395EB63F6B10E55 /* [CP] Check Pods Manifest.lock */ = {
			isa = PBXShellScriptBuildPhase;
			buildActionMask = 2147483647;
			files = (
			);
			inputFileListPaths = (
			);
			inputPaths = (
				"${PODS_PODFILE_DIR_PATH}/Podfile.lock",
				"${PODS_ROOT}/Manifest.lock",
			);
			name = "[CP] Check Pods Manifest.lock";
			outputFileListPaths = (
			);
			outputPaths = (
				"$(DERIVED_FILE_DIR)/Pods-SWiPE-checkManifestLockResult.txt",
			);
			runOnlyForDeploymentPostprocessing = 0;
			shellPath = /bin/sh;
			shellScript = "diff \"${PODS_PODFILE_DIR_PATH}/Podfile.lock\" \"${PODS_ROOT}/Manifest.lock\" > /dev/null\nif [ $? != 0 ] ; then\n    # print error to STDERR\n    echo \"error: The sandbox is not in sync with the Podfile.lock. Run 'pod install' or update your CocoaPods installation.\" >&2\n    exit 1\nfi\n# This output is used by Xcode 'outputs' to avoid re-running this script phase.\necho \"SUCCESS\" > \"${SCRIPT_OUTPUT_FILE_0}\"\n";
			showEnvVarsInLog = 0;
		};
		C800FCB92933897100273228 /* ShellScript */ = {
			isa = PBXShellScriptBuildPhase;
			buildActionMask = 2147483647;
			files = (
			);
			inputFileListPaths = (
			);
			inputPaths = (
				"${DWARF_DSYM_FOLDER_PATH}/${DWARF_DSYM_FILE_NAME}/Contents/Resources/DWARF/${TARGET_NAME}",
				"$(SRCROOT)/$(BUILT_PRODUCTS_DIR)/$(INFOPLIST_PATH)",
			);
			outputFileListPaths = (
			);
			outputPaths = (
			);
			runOnlyForDeploymentPostprocessing = 0;
			shellPath = /bin/sh;
			shellScript = "# Type a script or drag a script file from your workspace to insert its path.\n\"${PODS_ROOT}/FirebaseCrashlytics/run\"\n";
		};
		C8FC9874290FA98C0028DE17 /* ShellScript */ = {
			isa = PBXShellScriptBuildPhase;
			buildActionMask = 2147483647;
			files = (
			);
			inputFileListPaths = (
			);
			inputPaths = (
			);
			outputFileListPaths = (
			);
			outputPaths = (
			);
			runOnlyForDeploymentPostprocessing = 0;
			shellPath = /bin/sh;
			shellScript = "# Type a script or drag a script file from your workspace to insert its path.\n${PODS_ROOT}/SwiftLint/swiftlint\n";
		};
/* End PBXShellScriptBuildPhase section */

/* Begin PBXSourcesBuildPhase section */
		C8FC980E290BE50C0028DE17 /* Sources */ = {
			isa = PBXSourcesBuildPhase;
			buildActionMask = 2147483647;
			files = (
				C8FC986F290F69390028DE17 /* UploadStoryProvider.swift in Sources */,
				C8C77BEC291CE8DA00A1675D /* UploadPhotoVC.swift in Sources */,
				C8C77BEA291CE21F00A1675D /* UploadVideoVC.swift in Sources */,
				C808ED24292F6C4C00BFF7A1 /* SwiftJWTWrapper.swift in Sources */,
				C8FC987E290FC0350028DE17 /* MatchVC.swift in Sources */,
				C8894682291390DD009A5BF3 /* ChatRoom.swift in Sources */,
				C808ED22292F6A2600BFF7A1 /* AuthClaims.swift in Sources */,
				C889468B2914BB37009A5BF3 /* ProfileVC.swift in Sources */,
				C8AC8488292CA67A0062B0ED /* TextField+Ext.swift in Sources */,
				C8573D142916E75B0095601B /* AddDataVC.swift in Sources */,
				C8FA652C291212530059AD23 /* Date+Ext.swift in Sources */,
				C8573D0B29150CB00095601B /* OwnTextCell.swift in Sources */,
				C8FC9816290BE50C0028DE17 /* AppDelegate.swift in Sources */,
				C8FC9820290BE50C0028DE17 /* SWiPE.xcdatamodeld in Sources */,
				C8FA65072910F65D0059AD23 /* KingFisherWrapper.swift in Sources */,
				C88946862913CCB1009A5BF3 /* ChatRoomVC.swift in Sources */,
				C808ED26292F73D800BFF7A1 /* AuthManager.swift in Sources */,
				C8FC9876290FB9E10028DE17 /* SwipeCardView.swift in Sources */,
				C8FC98892910C7B50028DE17 /* FireBaseManager.swift in Sources */,
				C8FC9871290F78020028DE17 /* Constants.swift in Sources */,
				C889468029135B28009A5BF3 /* ChatCell.swift in Sources */,
				C8AA62A1292DF9E700D7E16C /* SettingCell.swift in Sources */,
				C8FDC8D42928C675006FF1E6 /* MockUser.swift in Sources */,
				C889467D29135AAF009A5BF3 /* ChatVC.swift in Sources */,
				C8FDC8C12924D1F7006FF1E6 /* SignVC.swift in Sources */,
				C8FC98832910AD830028DE17 /* User.swift in Sources */,
				C8FDC8C929253A3D006FF1E6 /* SignInVC.swift in Sources */,
				C8FC9818290BE50C0028DE17 /* SceneDelegate.swift in Sources */,
				C8FDC8BD2924D13C006FF1E6 /* SignUpVC.swift in Sources */,
				C8573D11291516B40095601B /* FriendTextCell.swift in Sources */,
				C8E845FD291B915B00180758 /* FriendImageCell.swift in Sources */,
				C8AA629D292DECD700D7E16C /* SettingVC.swift in Sources */,
				C8AA62A7292F194E00D7E16C /* SCLAlertViewWrapper.swift in Sources */,
				C8E845F9291B914A00180758 /* OwnImageCell.swift in Sources */,
				C851F4A32920BC8600813E31 /* SwipeTabBarController.swift in Sources */,
				C88946792913589F009A5BF3 /* ChatManager.swift in Sources */,
				C8AC8486292BCA520062B0ED /* JGProgressHUDWrapper.swift in Sources */,
				C8FC9878290FB9E80028DE17 /* StackContainerView.swift in Sources */,
				C8C77BF0291CFADA00A1675D /* UploadVC.swift in Sources */,
			);
			runOnlyForDeploymentPostprocessing = 0;
		};
/* End PBXSourcesBuildPhase section */

/* Begin PBXVariantGroup section */
		C88D50DF2914E3780022D31B /* Match.storyboard */ = {
			isa = PBXVariantGroup;
			children = (
				C88D50E02914E3780022D31B /* Base */,
			);
			name = Match.storyboard;
			sourceTree = "<group>";
		};
		C8C77BF1291E217500A1675D /* Profile.storyboard */ = {
			isa = PBXVariantGroup;
			children = (
				C8C77BF2291E217500A1675D /* Base */,
			);
			name = Profile.storyboard;
			sourceTree = "<group>";
		};
		C8FC981B290BE50C0028DE17 /* Main.storyboard */ = {
			isa = PBXVariantGroup;
			children = (
				C8FC981C290BE50C0028DE17 /* Base */,
			);
			name = Main.storyboard;
			sourceTree = "<group>";
		};
		C8FC9823290BE50D0028DE17 /* LaunchScreen.storyboard */ = {
			isa = PBXVariantGroup;
			children = (
				C8FC9824290BE50D0028DE17 /* Base */,
			);
			name = LaunchScreen.storyboard;
			sourceTree = "<group>";
		};
/* End PBXVariantGroup section */

/* Begin XCBuildConfiguration section */
		C8FC9827290BE50D0028DE17 /* Debug */ = {
			isa = XCBuildConfiguration;
			buildSettings = {
				ALWAYS_SEARCH_USER_PATHS = NO;
				CLANG_ANALYZER_NONNULL = YES;
				CLANG_ANALYZER_NUMBER_OBJECT_CONVERSION = YES_AGGRESSIVE;
				CLANG_CXX_LANGUAGE_STANDARD = "gnu++20";
				CLANG_ENABLE_MODULES = YES;
				CLANG_ENABLE_OBJC_ARC = YES;
				CLANG_ENABLE_OBJC_WEAK = YES;
				CLANG_WARN_BLOCK_CAPTURE_AUTORELEASING = YES;
				CLANG_WARN_BOOL_CONVERSION = YES;
				CLANG_WARN_COMMA = YES;
				CLANG_WARN_CONSTANT_CONVERSION = YES;
				CLANG_WARN_DEPRECATED_OBJC_IMPLEMENTATIONS = YES;
				CLANG_WARN_DIRECT_OBJC_ISA_USAGE = YES_ERROR;
				CLANG_WARN_DOCUMENTATION_COMMENTS = YES;
				CLANG_WARN_EMPTY_BODY = YES;
				CLANG_WARN_ENUM_CONVERSION = YES;
				CLANG_WARN_INFINITE_RECURSION = YES;
				CLANG_WARN_INT_CONVERSION = YES;
				CLANG_WARN_NON_LITERAL_NULL_CONVERSION = YES;
				CLANG_WARN_OBJC_IMPLICIT_RETAIN_SELF = YES;
				CLANG_WARN_OBJC_LITERAL_CONVERSION = YES;
				CLANG_WARN_OBJC_ROOT_CLASS = YES_ERROR;
				CLANG_WARN_QUOTED_INCLUDE_IN_FRAMEWORK_HEADER = YES;
				CLANG_WARN_RANGE_LOOP_ANALYSIS = YES;
				CLANG_WARN_STRICT_PROTOTYPES = YES;
				CLANG_WARN_SUSPICIOUS_MOVE = YES;
				CLANG_WARN_UNGUARDED_AVAILABILITY = YES_AGGRESSIVE;
				CLANG_WARN_UNREACHABLE_CODE = YES;
				CLANG_WARN__DUPLICATE_METHOD_MATCH = YES;
				COPY_PHASE_STRIP = NO;
				DEBUG_INFORMATION_FORMAT = dwarf;
				ENABLE_STRICT_OBJC_MSGSEND = YES;
				ENABLE_TESTABILITY = YES;
				GCC_C_LANGUAGE_STANDARD = gnu11;
				GCC_DYNAMIC_NO_PIC = NO;
				GCC_NO_COMMON_BLOCKS = YES;
				GCC_OPTIMIZATION_LEVEL = 0;
				GCC_PREPROCESSOR_DEFINITIONS = (
					"DEBUG=1",
					"$(inherited)",
				);
				GCC_WARN_64_TO_32_BIT_CONVERSION = YES;
				GCC_WARN_ABOUT_RETURN_TYPE = YES_ERROR;
				GCC_WARN_UNDECLARED_SELECTOR = YES;
				GCC_WARN_UNINITIALIZED_AUTOS = YES_AGGRESSIVE;
				GCC_WARN_UNUSED_FUNCTION = YES;
				GCC_WARN_UNUSED_VARIABLE = YES;
				IPHONEOS_DEPLOYMENT_TARGET = 14.0;
				MTL_ENABLE_DEBUG_INFO = INCLUDE_SOURCE;
				MTL_FAST_MATH = YES;
				ONLY_ACTIVE_ARCH = YES;
				SDKROOT = iphoneos;
				SWIFT_ACTIVE_COMPILATION_CONDITIONS = DEBUG;
				SWIFT_OPTIMIZATION_LEVEL = "-Onone";
			};
			name = Debug;
		};
		C8FC9828290BE50D0028DE17 /* Release */ = {
			isa = XCBuildConfiguration;
			buildSettings = {
				ALWAYS_SEARCH_USER_PATHS = NO;
				CLANG_ANALYZER_NONNULL = YES;
				CLANG_ANALYZER_NUMBER_OBJECT_CONVERSION = YES_AGGRESSIVE;
				CLANG_CXX_LANGUAGE_STANDARD = "gnu++20";
				CLANG_ENABLE_MODULES = YES;
				CLANG_ENABLE_OBJC_ARC = YES;
				CLANG_ENABLE_OBJC_WEAK = YES;
				CLANG_WARN_BLOCK_CAPTURE_AUTORELEASING = YES;
				CLANG_WARN_BOOL_CONVERSION = YES;
				CLANG_WARN_COMMA = YES;
				CLANG_WARN_CONSTANT_CONVERSION = YES;
				CLANG_WARN_DEPRECATED_OBJC_IMPLEMENTATIONS = YES;
				CLANG_WARN_DIRECT_OBJC_ISA_USAGE = YES_ERROR;
				CLANG_WARN_DOCUMENTATION_COMMENTS = YES;
				CLANG_WARN_EMPTY_BODY = YES;
				CLANG_WARN_ENUM_CONVERSION = YES;
				CLANG_WARN_INFINITE_RECURSION = YES;
				CLANG_WARN_INT_CONVERSION = YES;
				CLANG_WARN_NON_LITERAL_NULL_CONVERSION = YES;
				CLANG_WARN_OBJC_IMPLICIT_RETAIN_SELF = YES;
				CLANG_WARN_OBJC_LITERAL_CONVERSION = YES;
				CLANG_WARN_OBJC_ROOT_CLASS = YES_ERROR;
				CLANG_WARN_QUOTED_INCLUDE_IN_FRAMEWORK_HEADER = YES;
				CLANG_WARN_RANGE_LOOP_ANALYSIS = YES;
				CLANG_WARN_STRICT_PROTOTYPES = YES;
				CLANG_WARN_SUSPICIOUS_MOVE = YES;
				CLANG_WARN_UNGUARDED_AVAILABILITY = YES_AGGRESSIVE;
				CLANG_WARN_UNREACHABLE_CODE = YES;
				CLANG_WARN__DUPLICATE_METHOD_MATCH = YES;
				COPY_PHASE_STRIP = NO;
				DEBUG_INFORMATION_FORMAT = "dwarf-with-dsym";
				ENABLE_NS_ASSERTIONS = NO;
				ENABLE_STRICT_OBJC_MSGSEND = YES;
				GCC_C_LANGUAGE_STANDARD = gnu11;
				GCC_NO_COMMON_BLOCKS = YES;
				GCC_WARN_64_TO_32_BIT_CONVERSION = YES;
				GCC_WARN_ABOUT_RETURN_TYPE = YES_ERROR;
				GCC_WARN_UNDECLARED_SELECTOR = YES;
				GCC_WARN_UNINITIALIZED_AUTOS = YES_AGGRESSIVE;
				GCC_WARN_UNUSED_FUNCTION = YES;
				GCC_WARN_UNUSED_VARIABLE = YES;
				IPHONEOS_DEPLOYMENT_TARGET = 14.0;
				MTL_ENABLE_DEBUG_INFO = NO;
				MTL_FAST_MATH = YES;
				SDKROOT = iphoneos;
				SWIFT_COMPILATION_MODE = wholemodule;
				SWIFT_OPTIMIZATION_LEVEL = "-O";
				VALIDATE_PRODUCT = YES;
			};
			name = Release;
		};
		C8FC982A290BE50D0028DE17 /* Debug */ = {
			isa = XCBuildConfiguration;
			baseConfigurationReference = 05D499648B8F8501A9C04305 /* Pods-SWiPE.debug.xcconfig */;
			buildSettings = {
				ASSETCATALOG_COMPILER_APPICON_NAME = AppIcon;
				ASSETCATALOG_COMPILER_GLOBAL_ACCENT_COLOR_NAME = AccentColor;
				CODE_SIGN_ENTITLEMENTS = SWiPE/SWiPE.entitlements;
				CODE_SIGN_STYLE = Automatic;
				CURRENT_PROJECT_VERSION = 1;
				DEBUG_INFORMATION_FORMAT = "dwarf-with-dsym";
				DEVELOPMENT_TEAM = FHH82V8NXD;
				GENERATE_INFOPLIST_FILE = YES;
				INFOPLIST_FILE = SWiPE/Info.plist;
				INFOPLIST_KEY_NSCameraUsageDescription = "打開相機";
				INFOPLIST_KEY_NSLocationWhenInUseUsageDescription = "";
				INFOPLIST_KEY_NSMicrophoneUsageDescription = "打開麥克風";
				INFOPLIST_KEY_NSPhotoLibraryUsageDescription = "取得相簿";
				INFOPLIST_KEY_UIApplicationSupportsIndirectInputEvents = YES;
				INFOPLIST_KEY_UILaunchStoryboardName = LaunchScreen;
				INFOPLIST_KEY_UIMainStoryboardFile = Main;
				INFOPLIST_KEY_UISupportedInterfaceOrientations = UIInterfaceOrientationPortrait;
				IPHONEOS_DEPLOYMENT_TARGET = 14.0;
				LD_RUNPATH_SEARCH_PATHS = (
					"$(inherited)",
					"@executable_path/Frameworks",
				);
				MARKETING_VERSION = 1.0.0;
				PRODUCT_BUNDLE_IDENTIFIER = com.zoe.SWiPE;
				PRODUCT_NAME = "$(TARGET_NAME)";
				SUPPORTED_PLATFORMS = "iphoneos iphonesimulator";
				SUPPORTS_MACCATALYST = NO;
				SUPPORTS_MAC_DESIGNED_FOR_IPHONE_IPAD = NO;
				SWIFT_EMIT_LOC_STRINGS = YES;
				SWIFT_VERSION = 5.0;
				TARGETED_DEVICE_FAMILY = 1;
			};
			name = Debug;
		};
		C8FC982B290BE50D0028DE17 /* Release */ = {
			isa = XCBuildConfiguration;
			baseConfigurationReference = AA118603100A4148BF1C064B /* Pods-SWiPE.release.xcconfig */;
			buildSettings = {
				ASSETCATALOG_COMPILER_APPICON_NAME = AppIcon;
				ASSETCATALOG_COMPILER_GLOBAL_ACCENT_COLOR_NAME = AccentColor;
				CODE_SIGN_ENTITLEMENTS = SWiPE/SWiPE.entitlements;
				CODE_SIGN_STYLE = Automatic;
				CURRENT_PROJECT_VERSION = 1;
				DEBUG_INFORMATION_FORMAT = "dwarf-with-dsym";
				DEVELOPMENT_TEAM = FHH82V8NXD;
				GENERATE_INFOPLIST_FILE = YES;
				INFOPLIST_FILE = SWiPE/Info.plist;
				INFOPLIST_KEY_NSCameraUsageDescription = "打開相機";
				INFOPLIST_KEY_NSLocationWhenInUseUsageDescription = "";
				INFOPLIST_KEY_NSMicrophoneUsageDescription = "打開麥克風";
				INFOPLIST_KEY_NSPhotoLibraryUsageDescription = "取得相簿";
				INFOPLIST_KEY_UIApplicationSupportsIndirectInputEvents = YES;
				INFOPLIST_KEY_UILaunchStoryboardName = LaunchScreen;
				INFOPLIST_KEY_UIMainStoryboardFile = Main;
				INFOPLIST_KEY_UISupportedInterfaceOrientations = UIInterfaceOrientationPortrait;
				IPHONEOS_DEPLOYMENT_TARGET = 14.0;
				LD_RUNPATH_SEARCH_PATHS = (
					"$(inherited)",
					"@executable_path/Frameworks",
				);
				MARKETING_VERSION = 1.0.0;
				PRODUCT_BUNDLE_IDENTIFIER = com.zoe.SWiPE;
				PRODUCT_NAME = "$(TARGET_NAME)";
				SUPPORTED_PLATFORMS = "iphoneos iphonesimulator";
				SUPPORTS_MACCATALYST = NO;
				SUPPORTS_MAC_DESIGNED_FOR_IPHONE_IPAD = NO;
				SWIFT_EMIT_LOC_STRINGS = YES;
				SWIFT_VERSION = 5.0;
				TARGETED_DEVICE_FAMILY = 1;
			};
			name = Release;
		};
/* End XCBuildConfiguration section */

/* Begin XCConfigurationList section */
		C8FC980D290BE50C0028DE17 /* Build configuration list for PBXProject "SWiPE" */ = {
			isa = XCConfigurationList;
			buildConfigurations = (
				C8FC9827290BE50D0028DE17 /* Debug */,
				C8FC9828290BE50D0028DE17 /* Release */,
			);
			defaultConfigurationIsVisible = 0;
			defaultConfigurationName = Release;
		};
		C8FC9829290BE50D0028DE17 /* Build configuration list for PBXNativeTarget "SWiPE" */ = {
			isa = XCConfigurationList;
			buildConfigurations = (
				C8FC982A290BE50D0028DE17 /* Debug */,
				C8FC982B290BE50D0028DE17 /* Release */,
			);
			defaultConfigurationIsVisible = 0;
			defaultConfigurationName = Release;
		};
/* End XCConfigurationList section */

/* Begin XCVersionGroup section */
		C8FC981E290BE50C0028DE17 /* SWiPE.xcdatamodeld */ = {
			isa = XCVersionGroup;
			children = (
				C8FC981F290BE50C0028DE17 /* SWiPE.xcdatamodel */,
			);
			currentVersion = C8FC981F290BE50C0028DE17 /* SWiPE.xcdatamodel */;
			path = SWiPE.xcdatamodeld;
			sourceTree = "<group>";
			versionGroupType = wrapper.xcdatamodel;
		};
/* End XCVersionGroup section */
	};
	rootObject = C8FC980A290BE50C0028DE17 /* Project object */;
}
