// !$*UTF8*$!
{
	archiveVersion = 1;
	classes = {
	};
	objectVersion = 56;
	objects = {

/* Begin PBXBuildFile section */
		C8FC9816290BE50C0028DE17 /* AppDelegate.swift in Sources */ = {isa = PBXBuildFile; fileRef = C8FC9815290BE50C0028DE17 /* AppDelegate.swift */; };
		C8FC9818290BE50C0028DE17 /* SceneDelegate.swift in Sources */ = {isa = PBXBuildFile; fileRef = C8FC9817290BE50C0028DE17 /* SceneDelegate.swift */; };
		C8FC981D290BE50C0028DE17 /* Main.storyboard in Resources */ = {isa = PBXBuildFile; fileRef = C8FC981B290BE50C0028DE17 /* Main.storyboard */; };
		C8FC9820290BE50C0028DE17 /* SWiPE.xcdatamodeld in Sources */ = {isa = PBXBuildFile; fileRef = C8FC981E290BE50C0028DE17 /* SWiPE.xcdatamodeld */; };
		C8FC9822290BE50D0028DE17 /* Assets.xcassets in Resources */ = {isa = PBXBuildFile; fileRef = C8FC9821290BE50D0028DE17 /* Assets.xcassets */; };
		C8FC9825290BE50D0028DE17 /* LaunchScreen.storyboard in Resources */ = {isa = PBXBuildFile; fileRef = C8FC9823290BE50D0028DE17 /* LaunchScreen.storyboard */; };
		C8FC985A290CE0CD0028DE17 /* UploadStoryVC.swift in Sources */ = {isa = PBXBuildFile; fileRef = C8FC9859290CE0CD0028DE17 /* UploadStoryVC.swift */; };
/* End PBXBuildFile section */

/* Begin PBXFileReference section */
		C8FC9812290BE50C0028DE17 /* SWiPE.app */ = {isa = PBXFileReference; explicitFileType = wrapper.application; includeInIndex = 0; path = SWiPE.app; sourceTree = BUILT_PRODUCTS_DIR; };
		C8FC9815290BE50C0028DE17 /* AppDelegate.swift */ = {isa = PBXFileReference; lastKnownFileType = sourcecode.swift; path = AppDelegate.swift; sourceTree = "<group>"; };
		C8FC9817290BE50C0028DE17 /* SceneDelegate.swift */ = {isa = PBXFileReference; lastKnownFileType = sourcecode.swift; path = SceneDelegate.swift; sourceTree = "<group>"; };
		C8FC981C290BE50C0028DE17 /* Base */ = {isa = PBXFileReference; lastKnownFileType = file.storyboard; name = Base; path = Base.lproj/Main.storyboard; sourceTree = "<group>"; };
		C8FC981F290BE50C0028DE17 /* SWiPE.xcdatamodel */ = {isa = PBXFileReference; lastKnownFileType = wrapper.xcdatamodel; path = SWiPE.xcdatamodel; sourceTree = "<group>"; };
		C8FC9821290BE50D0028DE17 /* Assets.xcassets */ = {isa = PBXFileReference; lastKnownFileType = folder.assetcatalog; path = Assets.xcassets; sourceTree = "<group>"; };
		C8FC9824290BE50D0028DE17 /* Base */ = {isa = PBXFileReference; lastKnownFileType = file.storyboard; name = Base; path = Base.lproj/LaunchScreen.storyboard; sourceTree = "<group>"; };
		C8FC9826290BE50D0028DE17 /* Info.plist */ = {isa = PBXFileReference; lastKnownFileType = text.plist.xml; path = Info.plist; sourceTree = "<group>"; };
		C8FC9859290CE0CD0028DE17 /* UploadStoryVC.swift */ = {isa = PBXFileReference; lastKnownFileType = sourcecode.swift; path = UploadStoryVC.swift; sourceTree = "<group>"; };
/* End PBXFileReference section */

/* Begin PBXFrameworksBuildPhase section */
		C8FC980F290BE50C0028DE17 /* Frameworks */ = {
			isa = PBXFrameworksBuildPhase;
			buildActionMask = 2147483647;
			files = (
			);
			runOnlyForDeploymentPostprocessing = 0;
		};
/* End PBXFrameworksBuildPhase section */

/* Begin PBXGroup section */
		C8FC9809290BE50C0028DE17 = {
			isa = PBXGroup;
			children = (
				C8FC9814290BE50C0028DE17 /* SWiPE */,
				C8FC9813290BE50C0028DE17 /* Products */,
			);
			sourceTree = "<group>";
		};
		C8FC9813290BE50C0028DE17 /* Products */ = {
			isa = PBXGroup;
			children = (
				C8FC9812290BE50C0028DE17 /* SWiPE.app */,
			);
			name = Products;
			sourceTree = "<group>";
		};
		C8FC9814290BE50C0028DE17 /* SWiPE */ = {
			isa = PBXGroup;
			children = (
				C8FC9830290BED0F0028DE17 /* Models */,
				C8FC982E290BECF40028DE17 /* Views */,
				C8FC9831290BED300028DE17 /* Controllers */,
				C8FC9834290BEE130028DE17 /* Extensions */,
				C8FC9835290BEE290028DE17 /* Services */,
				C8FC9833290BEDF10028DE17 /* Resources */,
				C8FC9815290BE50C0028DE17 /* AppDelegate.swift */,
				C8FC9817290BE50C0028DE17 /* SceneDelegate.swift */,
				C8FC9823290BE50D0028DE17 /* LaunchScreen.storyboard */,
				C8FC9826290BE50D0028DE17 /* Info.plist */,
				C8FC981E290BE50C0028DE17 /* SWiPE.xcdatamodeld */,
			);
			path = SWiPE;
			sourceTree = "<group>";
		};
		C8FC982E290BECF40028DE17 /* Views */ = {
			isa = PBXGroup;
			children = (
				C8FC981B290BE50C0028DE17 /* Main.storyboard */,
			);
			path = Views;
			sourceTree = "<group>";
		};
		C8FC9830290BED0F0028DE17 /* Models */ = {
			isa = PBXGroup;
			children = (
			);
			path = Models;
			sourceTree = "<group>";
		};
		C8FC9831290BED300028DE17 /* Controllers */ = {
			isa = PBXGroup;
			children = (
				C8FC9859290CE0CD0028DE17 /* UploadStoryVC.swift */,
			);
			path = Controllers;
			sourceTree = "<group>";
		};
		C8FC9833290BEDF10028DE17 /* Resources */ = {
			isa = PBXGroup;
			children = (
				C8FC9821290BE50D0028DE17 /* Assets.xcassets */,
			);
			path = Resources;
			sourceTree = "<group>";
		};
		C8FC9834290BEE130028DE17 /* Extensions */ = {
			isa = PBXGroup;
			children = (
			);
			path = Extensions;
			sourceTree = "<group>";
		};
		C8FC9835290BEE290028DE17 /* Services */ = {
			isa = PBXGroup;
			children = (
			);
			path = Services;
			sourceTree = "<group>";
		};
/* End PBXGroup section */

/* Begin PBXNativeTarget section */
		C8FC9811290BE50C0028DE17 /* SWiPE */ = {
			isa = PBXNativeTarget;
			buildConfigurationList = C8FC9829290BE50D0028DE17 /* Build configuration list for PBXNativeTarget "SWiPE" */;
			buildPhases = (
				C8FC980E290BE50C0028DE17 /* Sources */,
				C8FC980F290BE50C0028DE17 /* Frameworks */,
				C8FC9810290BE50C0028DE17 /* Resources */,
			);
			buildRules = (
			);
			dependencies = (
			);
			name = SWiPE;
			productName = SWiPE;
			productReference = C8FC9812290BE50C0028DE17 /* SWiPE.app */;
			productType = "com.apple.product-type.application";
		};
/* End PBXNativeTarget section */

/* Begin PBXProject section */
		C8FC980A290BE50C0028DE17 /* Project object */ = {
			isa = PBXProject;
			attributes = {
				BuildIndependentTargetsInParallel = 1;
				LastSwiftUpdateCheck = 1400;
				LastUpgradeCheck = 1400;
				TargetAttributes = {
					C8FC9811290BE50C0028DE17 = {
						CreatedOnToolsVersion = 14.0.1;
					};
				};
			};
			buildConfigurationList = C8FC980D290BE50C0028DE17 /* Build configuration list for PBXProject "SWiPE" */;
			compatibilityVersion = "Xcode 14.0";
			developmentRegion = en;
			hasScannedForEncodings = 0;
			knownRegions = (
				en,
				Base,
			);
			mainGroup = C8FC9809290BE50C0028DE17;
			productRefGroup = C8FC9813290BE50C0028DE17 /* Products */;
			projectDirPath = "";
			projectRoot = "";
			targets = (
				C8FC9811290BE50C0028DE17 /* SWiPE */,
			);
		};
/* End PBXProject section */

/* Begin PBXResourcesBuildPhase section */
		C8FC9810290BE50C0028DE17 /* Resources */ = {
			isa = PBXResourcesBuildPhase;
			buildActionMask = 2147483647;
			files = (
				C8FC9825290BE50D0028DE17 /* LaunchScreen.storyboard in Resources */,
				C8FC9822290BE50D0028DE17 /* Assets.xcassets in Resources */,
				C8FC981D290BE50C0028DE17 /* Main.storyboard in Resources */,
			);
			runOnlyForDeploymentPostprocessing = 0;
		};
/* End PBXResourcesBuildPhase section */

/* Begin PBXSourcesBuildPhase section */
		C8FC980E290BE50C0028DE17 /* Sources */ = {
			isa = PBXSourcesBuildPhase;
			buildActionMask = 2147483647;
			files = (
				C8FC9816290BE50C0028DE17 /* AppDelegate.swift in Sources */,
				C8FC9820290BE50C0028DE17 /* SWiPE.xcdatamodeld in Sources */,
				C8FC9818290BE50C0028DE17 /* SceneDelegate.swift in Sources */,
				C8FC985A290CE0CD0028DE17 /* UploadStoryVC.swift in Sources */,
			);
			runOnlyForDeploymentPostprocessing = 0;
		};
/* End PBXSourcesBuildPhase section */

/* Begin PBXVariantGroup section */
		C8FC981B290BE50C0028DE17 /* Main.storyboard */ = {
			isa = PBXVariantGroup;
			children = (
				C8FC981C290BE50C0028DE17 /* Base */,
			);
			name = Main.storyboard;
			sourceTree = "<group>";
		};
		C8FC9823290BE50D0028DE17 /* LaunchScreen.storyboard */ = {
			isa = PBXVariantGroup;
			children = (
				C8FC9824290BE50D0028DE17 /* Base */,
			);
			name = LaunchScreen.storyboard;
			sourceTree = "<group>";
		};
/* End PBXVariantGroup section */

/* Begin XCBuildConfiguration section */
		C8FC9827290BE50D0028DE17 /* Debug */ = {
			isa = XCBuildConfiguration;
			buildSettings = {
				ALWAYS_SEARCH_USER_PATHS = NO;
				CLANG_ANALYZER_NONNULL = YES;
				CLANG_ANALYZER_NUMBER_OBJECT_CONVERSION = YES_AGGRESSIVE;
				CLANG_CXX_LANGUAGE_STANDARD = "gnu++20";
				CLANG_ENABLE_MODULES = YES;
				CLANG_ENABLE_OBJC_ARC = YES;
				CLANG_ENABLE_OBJC_WEAK = YES;
				CLANG_WARN_BLOCK_CAPTURE_AUTORELEASING = YES;
				CLANG_WARN_BOOL_CONVERSION = YES;
				CLANG_WARN_COMMA = YES;
				CLANG_WARN_CONSTANT_CONVERSION = YES;
				CLANG_WARN_DEPRECATED_OBJC_IMPLEMENTATIONS = YES;
				CLANG_WARN_DIRECT_OBJC_ISA_USAGE = YES_ERROR;
				CLANG_WARN_DOCUMENTATION_COMMENTS = YES;
				CLANG_WARN_EMPTY_BODY = YES;
				CLANG_WARN_ENUM_CONVERSION = YES;
				CLANG_WARN_INFINITE_RECURSION = YES;
				CLANG_WARN_INT_CONVERSION = YES;
				CLANG_WARN_NON_LITERAL_NULL_CONVERSION = YES;
				CLANG_WARN_OBJC_IMPLICIT_RETAIN_SELF = YES;
				CLANG_WARN_OBJC_LITERAL_CONVERSION = YES;
				CLANG_WARN_OBJC_ROOT_CLASS = YES_ERROR;
				CLANG_WARN_QUOTED_INCLUDE_IN_FRAMEWORK_HEADER = YES;
				CLANG_WARN_RANGE_LOOP_ANALYSIS = YES;
				CLANG_WARN_STRICT_PROTOTYPES = YES;
				CLANG_WARN_SUSPICIOUS_MOVE = YES;
				CLANG_WARN_UNGUARDED_AVAILABILITY = YES_AGGRESSIVE;
				CLANG_WARN_UNREACHABLE_CODE = YES;
				CLANG_WARN__DUPLICATE_METHOD_MATCH = YES;
				COPY_PHASE_STRIP = NO;
				DEBUG_INFORMATION_FORMAT = dwarf;
				ENABLE_STRICT_OBJC_MSGSEND = YES;
				ENABLE_TESTABILITY = YES;
				GCC_C_LANGUAGE_STANDARD = gnu11;
				GCC_DYNAMIC_NO_PIC = NO;
				GCC_NO_COMMON_BLOCKS = YES;
				GCC_OPTIMIZATION_LEVEL = 0;
				GCC_PREPROCESSOR_DEFINITIONS = (
					"DEBUG=1",
					"$(inherited)",
				);
				GCC_WARN_64_TO_32_BIT_CONVERSION = YES;
				GCC_WARN_ABOUT_RETURN_TYPE = YES_ERROR;
				GCC_WARN_UNDECLARED_SELECTOR = YES;
				GCC_WARN_UNINITIALIZED_AUTOS = YES_AGGRESSIVE;
				GCC_WARN_UNUSED_FUNCTION = YES;
				GCC_WARN_UNUSED_VARIABLE = YES;
				IPHONEOS_DEPLOYMENT_TARGET = 14.0;
				MTL_ENABLE_DEBUG_INFO = INCLUDE_SOURCE;
				MTL_FAST_MATH = YES;
				ONLY_ACTIVE_ARCH = YES;
				SDKROOT = iphoneos;
				SWIFT_ACTIVE_COMPILATION_CONDITIONS = DEBUG;
				SWIFT_OPTIMIZATION_LEVEL = "-Onone";
			};
			name = Debug;
		};
		C8FC9828290BE50D0028DE17 /* Release */ = {
			isa = XCBuildConfiguration;
			buildSettings = {
				ALWAYS_SEARCH_USER_PATHS = NO;
				CLANG_ANALYZER_NONNULL = YES;
				CLANG_ANALYZER_NUMBER_OBJECT_CONVERSION = YES_AGGRESSIVE;
				CLANG_CXX_LANGUAGE_STANDARD = "gnu++20";
				CLANG_ENABLE_MODULES = YES;
				CLANG_ENABLE_OBJC_ARC = YES;
				CLANG_ENABLE_OBJC_WEAK = YES;
				CLANG_WARN_BLOCK_CAPTURE_AUTORELEASING = YES;
				CLANG_WARN_BOOL_CONVERSION = YES;
				CLANG_WARN_COMMA = YES;
				CLANG_WARN_CONSTANT_CONVERSION = YES;
				CLANG_WARN_DEPRECATED_OBJC_IMPLEMENTATIONS = YES;
				CLANG_WARN_DIRECT_OBJC_ISA_USAGE = YES_ERROR;
				CLANG_WARN_DOCUMENTATION_COMMENTS = YES;
				CLANG_WARN_EMPTY_BODY = YES;
				CLANG_WARN_ENUM_CONVERSION = YES;
				CLANG_WARN_INFINITE_RECURSION = YES;
				CLANG_WARN_INT_CONVERSION = YES;
				CLANG_WARN_NON_LITERAL_NULL_CONVERSION = YES;
				CLANG_WARN_OBJC_IMPLICIT_RETAIN_SELF = YES;
				CLANG_WARN_OBJC_LITERAL_CONVERSION = YES;
				CLANG_WARN_OBJC_ROOT_CLASS = YES_ERROR;
				CLANG_WARN_QUOTED_INCLUDE_IN_FRAMEWORK_HEADER = YES;
				CLANG_WARN_RANGE_LOOP_ANALYSIS = YES;
				CLANG_WARN_STRICT_PROTOTYPES = YES;
				CLANG_WARN_SUSPICIOUS_MOVE = YES;
				CLANG_WARN_UNGUARDED_AVAILABILITY = YES_AGGRESSIVE;
				CLANG_WARN_UNREACHABLE_CODE = YES;
				CLANG_WARN__DUPLICATE_METHOD_MATCH = YES;
				COPY_PHASE_STRIP = NO;
				DEBUG_INFORMATION_FORMAT = "dwarf-with-dsym";
				ENABLE_NS_ASSERTIONS = NO;
				ENABLE_STRICT_OBJC_MSGSEND = YES;
				GCC_C_LANGUAGE_STANDARD = gnu11;
				GCC_NO_COMMON_BLOCKS = YES;
				GCC_WARN_64_TO_32_BIT_CONVERSION = YES;
				GCC_WARN_ABOUT_RETURN_TYPE = YES_ERROR;
				GCC_WARN_UNDECLARED_SELECTOR = YES;
				GCC_WARN_UNINITIALIZED_AUTOS = YES_AGGRESSIVE;
				GCC_WARN_UNUSED_FUNCTION = YES;
				GCC_WARN_UNUSED_VARIABLE = YES;
				IPHONEOS_DEPLOYMENT_TARGET = 14.0;
				MTL_ENABLE_DEBUG_INFO = NO;
				MTL_FAST_MATH = YES;
				SDKROOT = iphoneos;
				SWIFT_COMPILATION_MODE = wholemodule;
				SWIFT_OPTIMIZATION_LEVEL = "-O";
				VALIDATE_PRODUCT = YES;
			};
			name = Release;
		};
		C8FC982A290BE50D0028DE17 /* Debug */ = {
			isa = XCBuildConfiguration;
			buildSettings = {
				ASSETCATALOG_COMPILER_APPICON_NAME = AppIcon;
				ASSETCATALOG_COMPILER_GLOBAL_ACCENT_COLOR_NAME = AccentColor;
				CODE_SIGN_STYLE = Automatic;
				CURRENT_PROJECT_VERSION = 1;
				DEVELOPMENT_TEAM = FHH82V8NXD;
				GENERATE_INFOPLIST_FILE = YES;
				INFOPLIST_FILE = SWiPE/Info.plist;
				INFOPLIST_KEY_UIApplicationSupportsIndirectInputEvents = YES;
				INFOPLIST_KEY_UILaunchStoryboardName = LaunchScreen;
				INFOPLIST_KEY_UIMainStoryboardFile = Main;
				INFOPLIST_KEY_UISupportedInterfaceOrientations_iPad = "UIInterfaceOrientationPortrait UIInterfaceOrientationPortraitUpsideDown UIInterfaceOrientationLandscapeLeft UIInterfaceOrientationLandscapeRight";
				INFOPLIST_KEY_UISupportedInterfaceOrientations_iPhone = "UIInterfaceOrientationPortrait UIInterfaceOrientationLandscapeLeft UIInterfaceOrientationLandscapeRight";
				IPHONEOS_DEPLOYMENT_TARGET = 14.0;
				LD_RUNPATH_SEARCH_PATHS = (
					"$(inherited)",
					"@executable_path/Frameworks",
				);
				MARKETING_VERSION = 1.0;
				PRODUCT_BUNDLE_IDENTIFIER = com.zoe.SWiPE;
				PRODUCT_NAME = "$(TARGET_NAME)";
				SWIFT_EMIT_LOC_STRINGS = YES;
				SWIFT_VERSION = 5.0;
				TARGETED_DEVICE_FAMILY = "1,2";
			};
			name = Debug;
		};
		C8FC982B290BE50D0028DE17 /* Release */ = {
			isa = XCBuildConfiguration;
			buildSettings = {
				ASSETCATALOG_COMPILER_APPICON_NAME = AppIcon;
				ASSETCATALOG_COMPILER_GLOBAL_ACCENT_COLOR_NAME = AccentColor;
				CODE_SIGN_STYLE = Automatic;
				CURRENT_PROJECT_VERSION = 1;
				DEVELOPMENT_TEAM = FHH82V8NXD;
				GENERATE_INFOPLIST_FILE = YES;
				INFOPLIST_FILE = SWiPE/Info.plist;
				INFOPLIST_KEY_UIApplicationSupportsIndirectInputEvents = YES;
				INFOPLIST_KEY_UILaunchStoryboardName = LaunchScreen;
				INFOPLIST_KEY_UIMainStoryboardFile = Main;
				INFOPLIST_KEY_UISupportedInterfaceOrientations_iPad = "UIInterfaceOrientationPortrait UIInterfaceOrientationPortraitUpsideDown UIInterfaceOrientationLandscapeLeft UIInterfaceOrientationLandscapeRight";
				INFOPLIST_KEY_UISupportedInterfaceOrientations_iPhone = "UIInterfaceOrientationPortrait UIInterfaceOrientationLandscapeLeft UIInterfaceOrientationLandscapeRight";
				IPHONEOS_DEPLOYMENT_TARGET = 14.0;
				LD_RUNPATH_SEARCH_PATHS = (
					"$(inherited)",
					"@executable_path/Frameworks",
				);
				MARKETING_VERSION = 1.0;
				PRODUCT_BUNDLE_IDENTIFIER = com.zoe.SWiPE;
				PRODUCT_NAME = "$(TARGET_NAME)";
				SWIFT_EMIT_LOC_STRINGS = YES;
				SWIFT_VERSION = 5.0;
				TARGETED_DEVICE_FAMILY = "1,2";
			};
			name = Release;
		};
/* End XCBuildConfiguration section */

/* Begin XCConfigurationList section */
		C8FC980D290BE50C0028DE17 /* Build configuration list for PBXProject "SWiPE" */ = {
			isa = XCConfigurationList;
			buildConfigurations = (
				C8FC9827290BE50D0028DE17 /* Debug */,
				C8FC9828290BE50D0028DE17 /* Release */,
			);
			defaultConfigurationIsVisible = 0;
			defaultConfigurationName = Release;
		};
		C8FC9829290BE50D0028DE17 /* Build configuration list for PBXNativeTarget "SWiPE" */ = {
			isa = XCConfigurationList;
			buildConfigurations = (
				C8FC982A290BE50D0028DE17 /* Debug */,
				C8FC982B290BE50D0028DE17 /* Release */,
			);
			defaultConfigurationIsVisible = 0;
			defaultConfigurationName = Release;
		};
/* End XCConfigurationList section */

/* Begin XCVersionGroup section */
		C8FC981E290BE50C0028DE17 /* SWiPE.xcdatamodeld */ = {
			isa = XCVersionGroup;
			children = (
				C8FC981F290BE50C0028DE17 /* SWiPE.xcdatamodel */,
			);
			currentVersion = C8FC981F290BE50C0028DE17 /* SWiPE.xcdatamodel */;
			path = SWiPE.xcdatamodeld;
			sourceTree = "<group>";
			versionGroupType = wrapper.xcdatamodel;
		};
/* End XCVersionGroup section */
	};
	rootObject = C8FC980A290BE50C0028DE17 /* Project object */;
}
